
Microsoft Visual Studio Solution File, Format Version 12.00
# Visual Studio 14
VisualStudioVersion = 14.0.25420.1
MinimumVisualStudioVersion = 10.0.40219.1
Project("{FAE04EC0-301F-11D3-BF4B-00C04F79EFBC}") = "MasterDetailPageDemo.Droid", "MasterDetailPageDemo\MasterDetailPageDemo.Droid\MasterDetailPageDemo.Droid.csproj", "{E6131EDF-D560-400B-908B-621068256087}"
EndProject
Project("{FAE04EC0-301F-11D3-BF4B-00C04F79EFBC}") = "MasterDetailPageDemo.iOS", "MasterDetailPageDemo\MasterDetailPageDemo.iOS\MasterDetailPageDemo.iOS.csproj", "{2B6899CC-8B87-4AF4-96AD-BD3C8C7F2A13}"
EndProject
Project("{FAE04EC0-301F-11D3-BF4B-00C04F79EFBC}") = "MasterDetailPageDemo.UWP", "MasterDetailPageDemo\MasterDetailPageDemo.UWP\MasterDetailPageDemo.UWP.csproj", "{08C39A25-29F8-4436-9030-9B09F7DE819F}"
EndProject
Project("{FAE04EC0-301F-11D3-BF4B-00C04F79EFBC}") = "MasterDetailPageDemo", "MasterDetailPageDemo\MasterDetailPageDemo\MasterDetailPageDemo.csproj", "{FE4E3B63-3E95-492C-A216-DBF6CA033D11}"
EndProject
Global
	GlobalSection(SolutionConfigurationPlatforms) = preSolution
		Ad-Hoc|Any CPU = Ad-Hoc|Any CPU
		Ad-Hoc|ARM = Ad-Hoc|ARM
		Ad-Hoc|iPhone = Ad-Hoc|iPhone
		Ad-Hoc|iPhoneSimulator = Ad-Hoc|iPhoneSimulator
		Ad-Hoc|x64 = Ad-Hoc|x64
		Ad-Hoc|x86 = Ad-Hoc|x86
		AppStore|Any CPU = AppStore|Any CPU
		AppStore|ARM = AppStore|ARM
		AppStore|iPhone = AppStore|iPhone
		AppStore|iPhoneSimulator = AppStore|iPhoneSimulator
		AppStore|x64 = AppStore|x64
		AppStore|x86 = AppStore|x86
		Debug|Any CPU = Debug|Any CPU
		Debug|ARM = Debug|ARM
		Debug|iPhone = Debug|iPhone
		Debug|iPhoneSimulator = Debug|iPhoneSimulator
		Debug|x64 = Debug|x64
		Debug|x86 = Debug|x86
		Release|Any CPU = Release|Any CPU
		Release|ARM = Release|ARM
		Release|iPhone = Release|iPhone
		Release|iPhoneSimulator = Release|iPhoneSimulator
		Release|x64 = Release|x64
		Release|x86 = Release|x86
	EndGlobalSection
	GlobalSection(ProjectConfigurationPlatforms) = postSolution
		{E6131EDF-D560-400B-908B-621068256087}.Ad-Hoc|Any CPU.ActiveCfg = Release|Any CPU
		{E6131EDF-D560-400B-908B-621068256087}.Ad-Hoc|Any CPU.Build.0 = Release|Any CPU
		{E6131EDF-D560-400B-908B-621068256087}.Ad-Hoc|Any CPU.Deploy.0 = Release|Any CPU
		{E6131EDF-D560-400B-908B-621068256087}.Ad-Hoc|ARM.ActiveCfg = Release|Any CPU
		{E6131EDF-D560-400B-908B-621068256087}.Ad-Hoc|ARM.Build.0 = Release|Any CPU
		{E6131EDF-D560-400B-908B-621068256087}.Ad-Hoc|ARM.Deploy.0 = Release|Any CPU
		{E6131EDF-D560-400B-908B-621068256087}.Ad-Hoc|iPhone.ActiveCfg = Release|Any CPU
		{E6131EDF-D560-400B-908B-621068256087}.Ad-Hoc|iPhone.Build.0 = Release|Any CPU
		{E6131EDF-D560-400B-908B-621068256087}.Ad-Hoc|iPhone.Deploy.0 = Release|Any CPU
		{E6131EDF-D560-400B-908B-621068256087}.Ad-Hoc|iPhoneSimulator.ActiveCfg = Release|Any CPU
		{E6131EDF-D560-400B-908B-621068256087}.Ad-Hoc|iPhoneSimulator.Build.0 = Release|Any CPU
		{E6131EDF-D560-400B-908B-621068256087}.Ad-Hoc|iPhoneSimulator.Deploy.0 = Release|Any CPU
		{E6131EDF-D560-400B-908B-621068256087}.Ad-Hoc|x64.ActiveCfg = Release|Any CPU
		{E6131EDF-D560-400B-908B-621068256087}.Ad-Hoc|x64.Build.0 = Release|Any CPU
		{E6131EDF-D560-400B-908B-621068256087}.Ad-Hoc|x64.Deploy.0 = Release|Any CPU
		{E6131EDF-D560-400B-908B-621068256087}.Ad-Hoc|x86.ActiveCfg = Release|Any CPU
		{E6131EDF-D560-400B-908B-621068256087}.Ad-Hoc|x86.Build.0 = Release|Any CPU
		{E6131EDF-D560-400B-908B-621068256087}.Ad-Hoc|x86.Deploy.0 = Release|Any CPU
		{E6131EDF-D560-400B-908B-621068256087}.AppStore|Any CPU.ActiveCfg = Release|Any CPU
		{E6131EDF-D560-400B-908B-621068256087}.AppStore|Any CPU.Build.0 = Release|Any CPU
		{E6131EDF-D560-400B-908B-621068256087}.AppStore|Any CPU.Deploy.0 = Release|Any CPU
		{E6131EDF-D560-400B-908B-621068256087}.AppStore|ARM.ActiveCfg = Release|Any CPU
		{E6131EDF-D560-400B-908B-621068256087}.AppStore|ARM.Build.0 = Release|Any CPU
		{E6131EDF-D560-400B-908B-621068256087}.AppStore|ARM.Deploy.0 = Release|Any CPU
		{E6131EDF-D560-400B-908B-621068256087}.AppStore|iPhone.ActiveCfg = Release|Any CPU
		{E6131EDF-D560-400B-908B-621068256087}.AppStore|iPhone.Build.0 = Release|Any CPU
		{E6131EDF-D560-400B-908B-621068256087}.AppStore|iPhone.Deploy.0 = Release|Any CPU
		{E6131EDF-D560-400B-908B-621068256087}.AppStore|iPhoneSimulator.ActiveCfg = Release|Any CPU
		{E6131EDF-D560-400B-908B-621068256087}.AppStore|iPhoneSimulator.Build.0 = Release|Any CPU
		{E6131EDF-D560-400B-908B-621068256087}.AppStore|iPhoneSimulator.Deploy.0 = Release|Any CPU
		{E6131EDF-D560-400B-908B-621068256087}.AppStore|x64.ActiveCfg = Release|Any CPU
		{E6131EDF-D560-400B-908B-621068256087}.AppStore|x64.Build.0 = Release|Any CPU
		{E6131EDF-D560-400B-908B-621068256087}.AppStore|x64.Deploy.0 = Release|Any CPU
		{E6131EDF-D560-400B-908B-621068256087}.AppStore|x86.ActiveCfg = Release|Any CPU
		{E6131EDF-D560-400B-908B-621068256087}.AppStore|x86.Build.0 = Release|Any CPU
		{E6131EDF-D560-400B-908B-621068256087}.AppStore|x86.Deploy.0 = Release|Any CPU
		{E6131EDF-D560-400B-908B-621068256087}.Debug|Any CPU.ActiveCfg = Debug|Any CPU
		{E6131EDF-D560-400B-908B-621068256087}.Debug|Any CPU.Build.0 = Debug|Any CPU
		{E6131EDF-D560-400B-908B-621068256087}.Debug|Any CPU.Deploy.0 = Debug|Any CPU
		{E6131EDF-D560-400B-908B-621068256087}.Debug|ARM.ActiveCfg = Debug|Any CPU
		{E6131EDF-D560-400B-908B-621068256087}.Debug|ARM.Build.0 = Debug|Any CPU
		{E6131EDF-D560-400B-908B-621068256087}.Debug|ARM.Deploy.0 = Debug|Any CPU
		{E6131EDF-D560-400B-908B-621068256087}.Debug|iPhone.ActiveCfg = Debug|Any CPU
		{E6131EDF-D560-400B-908B-621068256087}.Debug|iPhone.Build.0 = Debug|Any CPU
		{E6131EDF-D560-400B-908B-621068256087}.Debug|iPhone.Deploy.0 = Debug|Any CPU
		{E6131EDF-D560-400B-908B-621068256087}.Debug|iPhoneSimulator.ActiveCfg = Debug|Any CPU
		{E6131EDF-D560-400B-908B-621068256087}.Debug|iPhoneSimulator.Build.0 = Debug|Any CPU
		{E6131EDF-D560-400B-908B-621068256087}.Debug|iPhoneSimulator.Deploy.0 = Debug|Any CPU
		{E6131EDF-D560-400B-908B-621068256087}.Debug|x64.ActiveCfg = Debug|Any CPU
		{E6131EDF-D560-400B-908B-621068256087}.Debug|x64.Build.0 = Debug|Any CPU
		{E6131EDF-D560-400B-908B-621068256087}.Debug|x64.Deploy.0 = Debug|Any CPU
		{E6131EDF-D560-400B-908B-621068256087}.Debug|x86.ActiveCfg = Debug|Any CPU
		{E6131EDF-D560-400B-908B-621068256087}.Debug|x86.Build.0 = Debug|Any CPU
		{E6131EDF-D560-400B-908B-621068256087}.Debug|x86.Deploy.0 = Debug|Any CPU
		{E6131EDF-D560-400B-908B-621068256087}.Release|Any CPU.ActiveCfg = Release|Any CPU
		{E6131EDF-D560-400B-908B-621068256087}.Release|Any CPU.Build.0 = Release|Any CPU
		{E6131EDF-D560-400B-908B-621068256087}.Release|Any CPU.Deploy.0 = Release|Any CPU
		{E6131EDF-D560-400B-908B-621068256087}.Release|ARM.ActiveCfg = Release|Any CPU
		{E6131EDF-D560-400B-908B-621068256087}.Release|ARM.Build.0 = Release|Any CPU
		{E6131EDF-D560-400B-908B-621068256087}.Release|ARM.Deploy.0 = Release|Any CPU
		{E6131EDF-D560-400B-908B-621068256087}.Release|iPhone.ActiveCfg = Release|Any CPU
		{E6131EDF-D560-400B-908B-621068256087}.Release|iPhone.Build.0 = Release|Any CPU
		{E6131EDF-D560-400B-908B-621068256087}.Release|iPhone.Deploy.0 = Release|Any CPU
		{E6131EDF-D560-400B-908B-621068256087}.Release|iPhoneSimulator.ActiveCfg = Release|Any CPU
		{E6131EDF-D560-400B-908B-621068256087}.Release|iPhoneSimulator.Build.0 = Release|Any CPU
		{E6131EDF-D560-400B-908B-621068256087}.Release|iPhoneSimulator.Deploy.0 = Release|Any CPU
		{E6131EDF-D560-400B-908B-621068256087}.Release|x64.ActiveCfg = Release|Any CPU
		{E6131EDF-D560-400B-908B-621068256087}.Release|x64.Build.0 = Release|Any CPU
		{E6131EDF-D560-400B-908B-621068256087}.Release|x64.Deploy.0 = Release|Any CPU
		{E6131EDF-D560-400B-908B-621068256087}.Release|x86.ActiveCfg = Release|Any CPU
		{E6131EDF-D560-400B-908B-621068256087}.Release|x86.Build.0 = Release|Any CPU
		{E6131EDF-D560-400B-908B-621068256087}.Release|x86.Deploy.0 = Release|Any CPU
		{2B6899CC-8B87-4AF4-96AD-BD3C8C7F2A13}.Ad-Hoc|Any CPU.ActiveCfg = Ad-Hoc|iPhone
		{2B6899CC-8B87-4AF4-96AD-BD3C8C7F2A13}.Ad-Hoc|ARM.ActiveCfg = Ad-Hoc|iPhone
		{2B6899CC-8B87-4AF4-96AD-BD3C8C7F2A13}.Ad-Hoc|iPhone.ActiveCfg = Ad-Hoc|iPhone
		{2B6899CC-8B87-4AF4-96AD-BD3C8C7F2A13}.Ad-Hoc|iPhone.Build.0 = Ad-Hoc|iPhone
		{2B6899CC-8B87-4AF4-96AD-BD3C8C7F2A13}.Ad-Hoc|iPhoneSimulator.ActiveCfg = Ad-Hoc|iPhoneSimulator
		{2B6899CC-8B87-4AF4-96AD-BD3C8C7F2A13}.Ad-Hoc|iPhoneSimulator.Build.0 = Ad-Hoc|iPhoneSimulator
		{2B6899CC-8B87-4AF4-96AD-BD3C8C7F2A13}.Ad-Hoc|x64.ActiveCfg = Ad-Hoc|iPhone
		{2B6899CC-8B87-4AF4-96AD-BD3C8C7F2A13}.Ad-Hoc|x86.ActiveCfg = Ad-Hoc|iPhone
		{2B6899CC-8B87-4AF4-96AD-BD3C8C7F2A13}.AppStore|Any CPU.ActiveCfg = AppStore|iPhone
		{2B6899CC-8B87-4AF4-96AD-BD3C8C7F2A13}.AppStore|ARM.ActiveCfg = AppStore|iPhone
		{2B6899CC-8B87-4AF4-96AD-BD3C8C7F2A13}.AppStore|iPhone.ActiveCfg = AppStore|iPhone
		{2B6899CC-8B87-4AF4-96AD-BD3C8C7F2A13}.AppStore|iPhone.Build.0 = AppStore|iPhone
		{2B6899CC-8B87-4AF4-96AD-BD3C8C7F2A13}.AppStore|iPhoneSimulator.ActiveCfg = AppStore|iPhoneSimulator
		{2B6899CC-8B87-4AF4-96AD-BD3C8C7F2A13}.AppStore|iPhoneSimulator.Build.0 = AppStore|iPhoneSimulator
		{2B6899CC-8B87-4AF4-96AD-BD3C8C7F2A13}.AppStore|x64.ActiveCfg = AppStore|iPhone
		{2B6899CC-8B87-4AF4-96AD-BD3C8C7F2A13}.AppStore|x86.ActiveCfg = AppStore|iPhone
		{2B6899CC-8B87-4AF4-96AD-BD3C8C7F2A13}.Debug|Any CPU.ActiveCfg = Debug|iPhone
		{2B6899CC-8B87-4AF4-96AD-BD3C8C7F2A13}.Debug|ARM.ActiveCfg = Debug|iPhone
		{2B6899CC-8B87-4AF4-96AD-BD3C8C7F2A13}.Debug|iPhone.ActiveCfg = Debug|iPhone
		{2B6899CC-8B87-4AF4-96AD-BD3C8C7F2A13}.Debug|iPhone.Build.0 = Debug|iPhone
		{2B6899CC-8B87-4AF4-96AD-BD3C8C7F2A13}.Debug|iPhoneSimulator.ActiveCfg = Debug|iPhoneSimulator
		{2B6899CC-8B87-4AF4-96AD-BD3C8C7F2A13}.Debug|iPhoneSimulator.Build.0 = Debug|iPhoneSimulator
		{2B6899CC-8B87-4AF4-96AD-BD3C8C7F2A13}.Debug|x64.ActiveCfg = Debug|iPhone
		{2B6899CC-8B87-4AF4-96AD-BD3C8C7F2A13}.Debug|x86.ActiveCfg = Debug|iPhone
		{2B6899CC-8B87-4AF4-96AD-BD3C8C7F2A13}.Release|Any CPU.ActiveCfg = Release|iPhone
		{2B6899CC-8B87-4AF4-96AD-BD3C8C7F2A13}.Release|ARM.ActiveCfg = Release|iPhone
		{2B6899CC-8B87-4AF4-96AD-BD3C8C7F2A13}.Release|iPhone.ActiveCfg = Release|iPhone
		{2B6899CC-8B87-4AF4-96AD-BD3C8C7F2A13}.Release|iPhone.Build.0 = Release|iPhone
		{2B6899CC-8B87-4AF4-96AD-BD3C8C7F2A13}.Release|iPhoneSimulator.ActiveCfg = Release|iPhoneSimulator
		{2B6899CC-8B87-4AF4-96AD-BD3C8C7F2A13}.Release|iPhoneSimulator.Build.0 = Release|iPhoneSimulator
		{2B6899CC-8B87-4AF4-96AD-BD3C8C7F2A13}.Release|x64.ActiveCfg = Release|iPhone
		{2B6899CC-8B87-4AF4-96AD-BD3C8C7F2A13}.Release|x86.ActiveCfg = Release|iPhone
		{08C39A25-29F8-4436-9030-9B09F7DE819F}.Ad-Hoc|Any CPU.ActiveCfg = Release|x86
		{08C39A25-29F8-4436-9030-9B09F7DE819F}.Ad-Hoc|Any CPU.Build.0 = Release|x86
		{08C39A25-29F8-4436-9030-9B09F7DE819F}.Ad-Hoc|Any CPU.Deploy.0 = Release|x86
		{08C39A25-29F8-4436-9030-9B09F7DE819F}.Ad-Hoc|ARM.ActiveCfg = Release|ARM
		{08C39A25-29F8-4436-9030-9B09F7DE819F}.Ad-Hoc|ARM.Build.0 = Release|ARM
		{08C39A25-29F8-4436-9030-9B09F7DE819F}.Ad-Hoc|ARM.Deploy.0 = Release|ARM
		{08C39A25-29F8-4436-9030-9B09F7DE819F}.Ad-Hoc|iPhone.ActiveCfg = Release|x86
		{08C39A25-29F8-4436-9030-9B09F7DE819F}.Ad-Hoc|iPhone.Build.0 = Release|x86
		{08C39A25-29F8-4436-9030-9B09F7DE819F}.Ad-Hoc|iPhone.Deploy.0 = Release|x86
		{08C39A25-29F8-4436-9030-9B09F7DE819F}.Ad-Hoc|iPhoneSimulator.ActiveCfg = Release|x86
		{08C39A25-29F8-4436-9030-9B09F7DE819F}.Ad-Hoc|iPhoneSimulator.Build.0 = Release|x86
		{08C39A25-29F8-4436-9030-9B09F7DE819F}.Ad-Hoc|iPhoneSimulator.Deploy.0 = Release|x86
		{08C39A25-29F8-4436-9030-9B09F7DE819F}.Ad-Hoc|x64.ActiveCfg = Release|x64
		{08C39A25-29F8-4436-9030-9B09F7DE819F}.Ad-Hoc|x64.Build.0 = Release|x64
		{08C39A25-29F8-4436-9030-9B09F7DE819F}.Ad-Hoc|x64.Deploy.0 = Release|x64
		{08C39A25-29F8-4436-9030-9B09F7DE819F}.Ad-Hoc|x86.ActiveCfg = Release|x86
		{08C39A25-29F8-4436-9030-9B09F7DE819F}.Ad-Hoc|x86.Build.0 = Release|x86
		{08C39A25-29F8-4436-9030-9B09F7DE819F}.Ad-Hoc|x86.Deploy.0 = Release|x86
		{08C39A25-29F8-4436-9030-9B09F7DE819F}.AppStore|Any CPU.ActiveCfg = Release|x86
		{08C39A25-29F8-4436-9030-9B09F7DE819F}.AppStore|Any CPU.Build.0 = Release|x86
		{08C39A25-29F8-4436-9030-9B09F7DE819F}.AppStore|Any CPU.Deploy.0 = Release|x86
		{08C39A25-29F8-4436-9030-9B09F7DE819F}.AppStore|ARM.ActiveCfg = Release|ARM
		{08C39A25-29F8-4436-9030-9B09F7DE819F}.AppStore|ARM.Build.0 = Release|ARM
		{08C39A25-29F8-4436-9030-9B09F7DE819F}.AppStore|ARM.Deploy.0 = Release|ARM
		{08C39A25-29F8-4436-9030-9B09F7DE819F}.AppStore|iPhone.ActiveCfg = Release|x86
		{08C39A25-29F8-4436-9030-9B09F7DE819F}.AppStore|iPhone.Build.0 = Release|x86
		{08C39A25-29F8-4436-9030-9B09F7DE819F}.AppStore|iPhone.Deploy.0 = Release|x86
		{08C39A25-29F8-4436-9030-9B09F7DE819F}.AppStore|iPhoneSimulator.ActiveCfg = Release|x86
		{08C39A25-29F8-4436-9030-9B09F7DE819F}.AppStore|iPhoneSimulator.Build.0 = Release|x86
		{08C39A25-29F8-4436-9030-9B09F7DE819F}.AppStore|iPhoneSimulator.Deploy.0 = Release|x86
		{08C39A25-29F8-4436-9030-9B09F7DE819F}.AppStore|x64.ActiveCfg = Release|x64
		{08C39A25-29F8-4436-9030-9B09F7DE819F}.AppStore|x64.Build.0 = Release|x64
		{08C39A25-29F8-4436-9030-9B09F7DE819F}.AppStore|x64.Deploy.0 = Release|x64
		{08C39A25-29F8-4436-9030-9B09F7DE819F}.AppStore|x86.ActiveCfg = Release|x86
		{08C39A25-29F8-4436-9030-9B09F7DE819F}.AppStore|x86.Build.0 = Release|x86
		{08C39A25-29F8-4436-9030-9B09F7DE819F}.AppStore|x86.Deploy.0 = Release|x86
		{08C39A25-29F8-4436-9030-9B09F7DE819F}.Debug|Any CPU.ActiveCfg = Debug|x86
		{08C39A25-29F8-4436-9030-9B09F7DE819F}.Debug|Any CPU.Build.0 = Debug|x86
		{08C39A25-29F8-4436-9030-9B09F7DE819F}.Debug|Any CPU.Deploy.0 = Debug|x86
		{08C39A25-29F8-4436-9030-9B09F7DE819F}.Debug|ARM.ActiveCfg = Debug|ARM
		{08C39A25-29F8-4436-9030-9B09F7DE819F}.Debug|ARM.Build.0 = Debug|ARM
		{08C39A25-29F8-4436-9030-9B09F7DE819F}.Debug|ARM.Deploy.0 = Debug|ARM
		{08C39A25-29F8-4436-9030-9B09F7DE819F}.Debug|iPhone.ActiveCfg = Debug|x86
		{08C39A25-29F8-4436-9030-9B09F7DE819F}.Debug|iPhoneSimulator.ActiveCfg = Debug|x86
		{08C39A25-29F8-4436-9030-9B09F7DE819F}.Debug|x64.ActiveCfg = Debug|x64
		{08C39A25-29F8-4436-9030-9B09F7DE819F}.Debug|x64.Build.0 = Debug|x64
		{08C39A25-29F8-4436-9030-9B09F7DE819F}.Debug|x64.Deploy.0 = Debug|x64
		{08C39A25-29F8-4436-9030-9B09F7DE819F}.Debug|x86.ActiveCfg = Debug|x86
		{08C39A25-29F8-4436-9030-9B09F7DE819F}.Debug|x86.Build.0 = Debug|x86
		{08C39A25-29F8-4436-9030-9B09F7DE819F}.Debug|x86.Deploy.0 = Debug|x86
		{08C39A25-29F8-4436-9030-9B09F7DE819F}.Release|Any CPU.ActiveCfg = Release|x86
		{08C39A25-29F8-4436-9030-9B09F7DE819F}.Release|ARM.ActiveCfg = Release|ARM
		{08C39A25-29F8-4436-9030-9B09F7DE819F}.Release|ARM.Build.0 = Release|ARM
		{08C39A25-29F8-4436-9030-9B09F7DE819F}.Release|ARM.Deploy.0 = Release|ARM
		{08C39A25-29F8-4436-9030-9B09F7DE819F}.Release|iPhone.ActiveCfg = Release|x86
		{08C39A25-29F8-4436-9030-9B09F7DE819F}.Release|iPhoneSimulator.ActiveCfg = Release|x86
		{08C39A25-29F8-4436-9030-9B09F7DE819F}.Release|x64.ActiveCfg = Release|x64
		{08C39A25-29F8-4436-9030-9B09F7DE819F}.Release|x64.Build.0 = Release|x64
		{08C39A25-29F8-4436-9030-9B09F7DE819F}.Release|x64.Deploy.0 = Release|x64
		{08C39A25-29F8-4436-9030-9B09F7DE819F}.Release|x86.ActiveCfg = Release|x86
		{08C39A25-29F8-4436-9030-9B09F7DE819F}.Release|x86.Build.0 = Release|x86
		{08C39A25-29F8-4436-9030-9B09F7DE819F}.Release|x86.Deploy.0 = Release|x86
		{FE4E3B63-3E95-492C-A216-DBF6CA033D11}.Ad-Hoc|Any CPU.ActiveCfg = Release|Any CPU
		{FE4E3B63-3E95-492C-A216-DBF6CA033D11}.Ad-Hoc|Any CPU.Build.0 = Release|Any CPU
		{FE4E3B63-3E95-492C-A216-DBF6CA033D11}.Ad-Hoc|ARM.ActiveCfg = Release|Any CPU
		{FE4E3B63-3E95-492C-A216-DBF6CA033D11}.Ad-Hoc|ARM.Build.0 = Release|Any CPU
		{FE4E3B63-3E95-492C-A216-DBF6CA033D11}.Ad-Hoc|iPhone.ActiveCfg = Release|Any CPU
		{FE4E3B63-3E95-492C-A216-DBF6CA033D11}.Ad-Hoc|iPhone.Build.0 = Release|Any CPU
		{FE4E3B63-3E95-492C-A216-DBF6CA033D11}.Ad-Hoc|iPhoneSimulator.ActiveCfg = Release|Any CPU
		{FE4E3B63-3E95-492C-A216-DBF6CA033D11}.Ad-Hoc|iPhoneSimulator.Build.0 = Release|Any CPU
		{FE4E3B63-3E95-492C-A216-DBF6CA033D11}.Ad-Hoc|x64.ActiveCfg = Release|Any CPU
		{FE4E3B63-3E95-492C-A216-DBF6CA033D11}.Ad-Hoc|x64.Build.0 = Release|Any CPU
		{FE4E3B63-3E95-492C-A216-DBF6CA033D11}.Ad-Hoc|x86.ActiveCfg = Release|Any CPU
		{FE4E3B63-3E95-492C-A216-DBF6CA033D11}.Ad-Hoc|x86.Build.0 = Release|Any CPU
		{FE4E3B63-3E95-492C-A216-DBF6CA033D11}.AppStore|Any CPU.ActiveCfg = Release|Any CPU
		{FE4E3B63-3E95-492C-A216-DBF6CA033D11}.AppStore|Any CPU.Build.0 = Release|Any CPU
		{FE4E3B63-3E95-492C-A216-DBF6CA033D11}.AppStore|ARM.ActiveCfg = Release|Any CPU
		{FE4E3B63-3E95-492C-A216-DBF6CA033D11}.AppStore|ARM.Build.0 = Release|Any CPU
		{FE4E3B63-3E95-492C-A216-DBF6CA033D11}.AppStore|iPhone.ActiveCfg = Release|Any CPU
		{FE4E3B63-3E95-492C-A216-DBF6CA033D11}.AppStore|iPhone.Build.0 = Release|Any CPU
		{FE4E3B63-3E95-492C-A216-DBF6CA033D11}.AppStore|iPhoneSimulator.ActiveCfg = Release|Any CPU
		{FE4E3B63-3E95-492C-A216-DBF6CA033D11}.AppStore|iPhoneSimulator.Build.0 = Release|Any CPU
		{FE4E3B63-3E95-492C-A216-DBF6CA033D11}.AppStore|x64.ActiveCfg = Release|Any CPU
		{FE4E3B63-3E95-492C-A216-DBF6CA033D11}.AppStore|x64.Build.0 = Release|Any CPU
		{FE4E3B63-3E95-492C-A216-DBF6CA033D11}.AppStore|x86.ActiveCfg = Release|Any CPU
		{FE4E3B63-3E95-492C-A216-DBF6CA033D11}.AppStore|x86.Build.0 = Release|Any CPU
		{FE4E3B63-3E95-492C-A216-DBF6CA033D11}.Debug|Any CPU.ActiveCfg = Debug|Any CPU
		{FE4E3B63-3E95-492C-A216-DBF6CA033D11}.Debug|Any CPU.Build.0 = Debug|Any CPU
		{FE4E3B63-3E95-492C-A216-DBF6CA033D11}.Debug|ARM.ActiveCfg = Debug|Any CPU
		{FE4E3B63-3E95-492C-A216-DBF6CA033D11}.Debug|ARM.Build.0 = Debug|Any CPU
		{FE4E3B63-3E95-492C-A216-DBF6CA033D11}.Debug|iPhone.ActiveCfg = Debug|Any CPU
		{FE4E3B63-3E95-492C-A216-DBF6CA033D11}.Debug|iPhone.Build.0 = Debug|Any CPU
		{FE4E3B63-3E95-492C-A216-DBF6CA033D11}.Debug|iPhoneSimulator.ActiveCfg = Debug|Any CPU
		{FE4E3B63-3E95-492C-A216-DBF6CA033D11}.Debug|iPhoneSimulator.Build.0 = Debug|Any CPU
		{FE4E3B63-3E95-492C-A216-DBF6CA033D11}.Debug|x64.ActiveCfg = Debug|Any CPU
		{FE4E3B63-3E95-492C-A216-DBF6CA033D11}.Debug|x64.Build.0 = Debug|Any CPU
		{FE4E3B63-3E95-492C-A216-DBF6CA033D11}.Debug|x86.ActiveCfg = Debug|Any CPU
		{FE4E3B63-3E95-492C-A216-DBF6CA033D11}.Debug|x86.Build.0 = Debug|Any CPU
		{FE4E3B63-3E95-492C-A216-DBF6CA033D11}.Release|Any CPU.ActiveCfg = Release|Any CPU
		{FE4E3B63-3E95-492C-A216-DBF6CA033D11}.Release|Any CPU.Build.0 = Release|Any CPU
		{FE4E3B63-3E95-492C-A216-DBF6CA033D11}.Release|ARM.ActiveCfg = Release|Any CPU
		{FE4E3B63-3E95-492C-A216-DBF6CA033D11}.Release|ARM.Build.0 = Release|Any CPU
		{FE4E3B63-3E95-492C-A216-DBF6CA033D11}.Release|iPhone.ActiveCfg = Release|Any CPU
		{FE4E3B63-3E95-492C-A216-DBF6CA033D11}.Release|iPhone.Build.0 = Release|Any CPU
		{FE4E3B63-3E95-492C-A216-DBF6CA033D11}.Release|iPhoneSimulator.ActiveCfg = Release|Any CPU
		{FE4E3B63-3E95-492C-A216-DBF6CA033D11}.Release|iPhoneSimulator.Build.0 = Release|Any CPU
		{FE4E3B63-3E95-492C-A216-DBF6CA033D11}.Release|x64.ActiveCfg = Release|Any CPU
		{FE4E3B63-3E95-492C-A216-DBF6CA033D11}.Release|x64.Build.0 = Release|Any CPU
		{FE4E3B63-3E95-492C-A216-DBF6CA033D11}.Release|x86.ActiveCfg = Release|Any CPU
		{FE4E3B63-3E95-492C-A216-DBF6CA033D11}.Release|x86.Build.0 = Release|Any CPU
	EndGlobalSection
	GlobalSection(SolutionProperties) = preSolution
		HideSolutionNode = FALSE
	EndGlobalSection
EndGlobal
